
Microsoft Visual Studio Solution File, Format Version 12.00
# Visual Studio Version 16
VisualStudioVersion = 16.0.31019.35
MinimumVisualStudioVersion = 10.0.40219.1
Project("{F184B08F-C81C-45F6-A57F-5ABD9991F28F}") = "Image File Converter", "Image File Converter.vbproj", "{171851DD-9147-45A9-9B4E-BE427A1D3FE9}"
EndProject
Global
	GlobalSection(SolutionConfigurationPlatforms) = preSolution
		Debug|Any CPU = Debug|Any CPU
		Release|Any CPU = Release|Any CPU
	EndGlobalSection
	GlobalSection(ProjectConfigurationPlatforms) = postSolution
		{171851DD-9147-45A9-9B4E-BE427A1D3FE9}.Debug|Any CPU.ActiveCfg = Debug|Any CPU
		{171851DD-9147-45A9-9B4E-BE427A1D3FE9}.Debug|Any CPU.Build.0 = Debug|Any CPU
		{171851DD-9147-45A9-9B4E-BE427A1D3FE9}.Release|Any CPU.ActiveCfg = Release|Any CPU
		{171851DD-9147-45A9-9B4E-BE427A1D3FE9}.Release|Any CPU.Build.0 = Release|Any CPU
	EndGlobalSection
	GlobalSection(SolutionProperties) = preSolution
		HideSolutionNode = FALSE
	EndGlobalSection
	GlobalSection(ExtensibilityGlobals) = postSolution
		SolutionGuid = {8BA86E57-2834-4BB1-8D51-9FA92486A817}
	EndGlobalSection
EndGlobal
